
Microsoft Visual Studio Solution File, Format Version 12.00
# Visual Studio Version 17
VisualStudioVersion = 17.1.32210.238
MinimumVisualStudioVersion = 10.0.40219.1
Project("{FAE04EC0-301F-11D3-BF4B-00C04F79EFBC}") = "Lab2", "Lab2\Lab2.csproj", "{58B3CC31-AB09-4AAB-BC52-EB4234D57C0A}"
EndProject
Global
	GlobalSection(SolutionConfigurationPlatforms) = preSolution
		Debug|Any CPU = Debug|Any CPU
		Release|Any CPU = Release|Any CPU
	EndGlobalSection
	GlobalSection(ProjectConfigurationPlatforms) = postSolution
		{58B3CC31-AB09-4AAB-BC52-EB4234D57C0A}.Debug|Any CPU.ActiveCfg = Debug|Any CPU
		{58B3CC31-AB09-4AAB-BC52-EB4234D57C0A}.Debug|Any CPU.Build.0 = Debug|Any CPU
		{58B3CC31-AB09-4AAB-BC52-EB4234D57C0A}.Release|Any CPU.ActiveCfg = Release|Any CPU
		{58B3CC31-AB09-4AAB-BC52-EB4234D57C0A}.Release|Any CPU.Build.0 = Release|Any CPU
	EndGlobalSection
	GlobalSection(SolutionProperties) = preSolution
		HideSolutionNode = FALSE
	EndGlobalSection
	GlobalSection(ExtensibilityGlobals) = postSolution
		SolutionGuid = {683CEE3A-AB3C-4675-B4F3-5F51F1E96EE6}
	EndGlobalSection
EndGlobal
